
Microsoft Visual Studio Solution File, Format Version 12.00
# Visual Studio Version 17
VisualStudioVersion = 17.5.33627.172
MinimumVisualStudioVersion = 10.0.40219.1
Project("{8BC9CEB8-8B4A-11D0-8D11-00A0C91BC942}") = "C_FoundationProject_20230608C1_Ver-1.0.0", "C_FoundationProject_20230608C1_Ver-1.0.0.vcxproj", "{60F35484-61F1-4251-B482-55506B3F6321}"
EndProject
Global
	GlobalSection(SolutionConfigurationPlatforms) = preSolution
		Debug|x64 = Debug|x64
		Debug|x86 = Debug|x86
		Release|x64 = Release|x64
		Release|x86 = Release|x86
	EndGlobalSection
	GlobalSection(ProjectConfigurationPlatforms) = postSolution
		{60F35484-61F1-4251-B482-55506B3F6321}.Debug|x64.ActiveCfg = Debug|x64
		{60F35484-61F1-4251-B482-55506B3F6321}.Debug|x64.Build.0 = Debug|x64
		{60F35484-61F1-4251-B482-55506B3F6321}.Debug|x86.ActiveCfg = Debug|Win32
		{60F35484-61F1-4251-B482-55506B3F6321}.Debug|x86.Build.0 = Debug|Win32
		{60F35484-61F1-4251-B482-55506B3F6321}.Release|x64.ActiveCfg = Release|x64
		{60F35484-61F1-4251-B482-55506B3F6321}.Release|x64.Build.0 = Release|x64
		{60F35484-61F1-4251-B482-55506B3F6321}.Release|x86.ActiveCfg = Release|Win32
		{60F35484-61F1-4251-B482-55506B3F6321}.Release|x86.Build.0 = Release|Win32
	EndGlobalSection
	GlobalSection(SolutionProperties) = preSolution
		HideSolutionNode = FALSE
	EndGlobalSection
	GlobalSection(ExtensibilityGlobals) = postSolution
		SolutionGuid = {2D73078C-C986-49B7-8D76-2720B013B6D3}
	EndGlobalSection
EndGlobal
