
Microsoft Visual Studio Solution File, Format Version 12.00
# Visual Studio Version 17
VisualStudioVersion = 17.5.33530.505
MinimumVisualStudioVersion = 10.0.40219.1
Project("{8BC9CEB8-8B4A-11D0-8D11-00A0C91BC942}") = "Project-20230503-1.0.0", "Project-20230503-1.0.0.vcxproj", "{82561089-69AF-45A1-BAA3-32F2566A8248}"
EndProject
Global
	GlobalSection(SolutionConfigurationPlatforms) = preSolution
		Debug|x64 = Debug|x64
		Debug|x86 = Debug|x86
		Release|x64 = Release|x64
		Release|x86 = Release|x86
	EndGlobalSection
	GlobalSection(ProjectConfigurationPlatforms) = postSolution
		{82561089-69AF-45A1-BAA3-32F2566A8248}.Debug|x64.ActiveCfg = Debug|x64
		{82561089-69AF-45A1-BAA3-32F2566A8248}.Debug|x64.Build.0 = Debug|x64
		{82561089-69AF-45A1-BAA3-32F2566A8248}.Debug|x86.ActiveCfg = Debug|Win32
		{82561089-69AF-45A1-BAA3-32F2566A8248}.Debug|x86.Build.0 = Debug|Win32
		{82561089-69AF-45A1-BAA3-32F2566A8248}.Release|x64.ActiveCfg = Release|x64
		{82561089-69AF-45A1-BAA3-32F2566A8248}.Release|x64.Build.0 = Release|x64
		{82561089-69AF-45A1-BAA3-32F2566A8248}.Release|x86.ActiveCfg = Release|Win32
		{82561089-69AF-45A1-BAA3-32F2566A8248}.Release|x86.Build.0 = Release|Win32
	EndGlobalSection
	GlobalSection(SolutionProperties) = preSolution
		HideSolutionNode = FALSE
	EndGlobalSection
	GlobalSection(ExtensibilityGlobals) = postSolution
		SolutionGuid = {551C2091-A7F9-43EF-9A20-A7AB1D26B425}
	EndGlobalSection
EndGlobal
