
Microsoft Visual Studio Solution File, Format Version 12.00
# Visual Studio Version 17
VisualStudioVersion = 17.5.33530.505
MinimumVisualStudioVersion = 10.0.40219.1
Project("{888888A0-9F3D-457C-B088-3A5042F75D52}") = "PythonApplication-20230504-1.0.0", "PythonApplication-20230504-1.0.0.pyproj", "{BEA5144E-195B-4B36-9E69-3A4D2807B015}"
EndProject
Global
	GlobalSection(SolutionConfigurationPlatforms) = preSolution
		Debug|Any CPU = Debug|Any CPU
		Release|Any CPU = Release|Any CPU
	EndGlobalSection
	GlobalSection(ProjectConfigurationPlatforms) = postSolution
		{BEA5144E-195B-4B36-9E69-3A4D2807B015}.Debug|Any CPU.ActiveCfg = Debug|Any CPU
		{BEA5144E-195B-4B36-9E69-3A4D2807B015}.Release|Any CPU.ActiveCfg = Release|Any CPU
	EndGlobalSection
	GlobalSection(SolutionProperties) = preSolution
		HideSolutionNode = FALSE
	EndGlobalSection
	GlobalSection(ExtensibilityGlobals) = postSolution
		SolutionGuid = {769598C8-4410-491D-B096-BF3D82FDA6BC}
	EndGlobalSection
EndGlobal
