
Microsoft Visual Studio Solution File, Format Version 12.00
# Visual Studio Version 17
VisualStudioVersion = 17.5.33516.290
MinimumVisualStudioVersion = 10.0.40219.1
Project("{8BC9CEB8-8B4A-11D0-8D11-00A0C91BC942}") = "Projecttest", "Projecttest.vcxproj", "{1D34E696-CCBA-4CC2-96BB-393E6A0E6CC5}"
EndProject
Global
	GlobalSection(SolutionConfigurationPlatforms) = preSolution
		Debug|x64 = Debug|x64
		Debug|x86 = Debug|x86
		Release|x64 = Release|x64
		Release|x86 = Release|x86
	EndGlobalSection
	GlobalSection(ProjectConfigurationPlatforms) = postSolution
		{1D34E696-CCBA-4CC2-96BB-393E6A0E6CC5}.Debug|x64.ActiveCfg = Debug|x64
		{1D34E696-CCBA-4CC2-96BB-393E6A0E6CC5}.Debug|x64.Build.0 = Debug|x64
		{1D34E696-CCBA-4CC2-96BB-393E6A0E6CC5}.Debug|x86.ActiveCfg = Debug|Win32
		{1D34E696-CCBA-4CC2-96BB-393E6A0E6CC5}.Debug|x86.Build.0 = Debug|Win32
		{1D34E696-CCBA-4CC2-96BB-393E6A0E6CC5}.Release|x64.ActiveCfg = Release|x64
		{1D34E696-CCBA-4CC2-96BB-393E6A0E6CC5}.Release|x64.Build.0 = Release|x64
		{1D34E696-CCBA-4CC2-96BB-393E6A0E6CC5}.Release|x86.ActiveCfg = Release|Win32
		{1D34E696-CCBA-4CC2-96BB-393E6A0E6CC5}.Release|x86.Build.0 = Release|Win32
	EndGlobalSection
	GlobalSection(SolutionProperties) = preSolution
		HideSolutionNode = FALSE
	EndGlobalSection
	GlobalSection(ExtensibilityGlobals) = postSolution
		SolutionGuid = {EE5C0B4F-8EBB-48DC-99D5-12F1EF99C00E}
	EndGlobalSection
EndGlobal
